
Microsoft Visual Studio Solution File, Format Version 12.00
# Visual Studio 15
VisualStudioVersion = 15.0.27004.2006
MinimumVisualStudioVersion = 10.0.40219.1
Project("{888888A0-9F3D-457C-B088-3A5042F75D52}") = "NArticleCrawler", "NArticleCrawler\NArticleCrawler.pyproj", "{320FCB94-B7DB-496C-9ADA-4B11135B356A}"
EndProject
Global
	GlobalSection(SolutionConfigurationPlatforms) = preSolution
		Debug|Any CPU = Debug|Any CPU
		Release|Any CPU = Release|Any CPU
	EndGlobalSection
	GlobalSection(ProjectConfigurationPlatforms) = postSolution
		{320FCB94-B7DB-496C-9ADA-4B11135B356A}.Debug|Any CPU.ActiveCfg = Debug|Any CPU
		{320FCB94-B7DB-496C-9ADA-4B11135B356A}.Release|Any CPU.ActiveCfg = Release|Any CPU
	EndGlobalSection
	GlobalSection(SolutionProperties) = preSolution
		HideSolutionNode = FALSE
	EndGlobalSection
	GlobalSection(ExtensibilityGlobals) = postSolution
		SolutionGuid = {FEFC018D-DE46-4487-8F9E-655D1AC03F43}
	EndGlobalSection
EndGlobal
